
Microsoft Visual Studio Solution File, Format Version 12.00
# Visual Studio 15
VisualStudioVersion = 15.0.28307.102
MinimumVisualStudioVersion = 10.0.40219.1
Project("{D954291E-2A0B-460D-934E-DC6B0785DB48}") = "MultiRogue.Core", "MultiRogue.Core\MultiRogue.Core.shproj", "{A0CDBD0E-3A41-42B7-9425-A838BC2C7383}"
EndProject
Project("{FAE04EC0-301F-11D3-BF4B-00C04F79EFBC}") = "MultiRogue.DirectX", "MultiRogue.DirectX\MultiRogue.DirectX.csproj", "{5D028997-7935-4DC7-9005-69551C6F9454}"
EndProject
Project("{FAE04EC0-301F-11D3-BF4B-00C04F79EFBC}") = "Toolbox", "Toolbox\Toolbox.csproj", "{20019883-BAAA-4B8F-8AC8-32EEE5CAD88B}"
EndProject
Global
	GlobalSection(SharedMSBuildProjectFiles) = preSolution
		MultiRogue.Core\MultiRogue.Core.projitems*{5d028997-7935-4dc7-9005-69551c6f9454}*SharedItemsImports = 4
		MultiRogue.Core\MultiRogue.Core.projitems*{a0cdbd0e-3a41-42b7-9425-a838bc2c7383}*SharedItemsImports = 13
	EndGlobalSection
	GlobalSection(SolutionConfigurationPlatforms) = preSolution
		Debug|Any CPU = Debug|Any CPU
		Debug|x86 = Debug|x86
		Release|Any CPU = Release|Any CPU
		Release|x86 = Release|x86
	EndGlobalSection
	GlobalSection(ProjectConfigurationPlatforms) = postSolution
		{5D028997-7935-4DC7-9005-69551C6F9454}.Debug|Any CPU.ActiveCfg = Debug|x86
		{5D028997-7935-4DC7-9005-69551C6F9454}.Debug|x86.ActiveCfg = Debug|x86
		{5D028997-7935-4DC7-9005-69551C6F9454}.Debug|x86.Build.0 = Debug|x86
		{5D028997-7935-4DC7-9005-69551C6F9454}.Release|Any CPU.ActiveCfg = Release|x86
		{5D028997-7935-4DC7-9005-69551C6F9454}.Release|x86.ActiveCfg = Release|x86
		{5D028997-7935-4DC7-9005-69551C6F9454}.Release|x86.Build.0 = Release|x86
		{20019883-BAAA-4B8F-8AC8-32EEE5CAD88B}.Debug|Any CPU.ActiveCfg = Debug|Any CPU
		{20019883-BAAA-4B8F-8AC8-32EEE5CAD88B}.Debug|Any CPU.Build.0 = Debug|Any CPU
		{20019883-BAAA-4B8F-8AC8-32EEE5CAD88B}.Debug|x86.ActiveCfg = Debug|Any CPU
		{20019883-BAAA-4B8F-8AC8-32EEE5CAD88B}.Debug|x86.Build.0 = Debug|Any CPU
		{20019883-BAAA-4B8F-8AC8-32EEE5CAD88B}.Release|Any CPU.ActiveCfg = Release|Any CPU
		{20019883-BAAA-4B8F-8AC8-32EEE5CAD88B}.Release|Any CPU.Build.0 = Release|Any CPU
		{20019883-BAAA-4B8F-8AC8-32EEE5CAD88B}.Release|x86.ActiveCfg = Release|Any CPU
		{20019883-BAAA-4B8F-8AC8-32EEE5CAD88B}.Release|x86.Build.0 = Release|Any CPU
	EndGlobalSection
	GlobalSection(SolutionProperties) = preSolution
		HideSolutionNode = FALSE
	EndGlobalSection
	GlobalSection(ExtensibilityGlobals) = postSolution
		SolutionGuid = {65B47522-A831-4394-92BE-25D0ED41F0E4}
	EndGlobalSection
EndGlobal
